
Microsoft Visual Studio Solution File, Format Version 12.00
# Visual Studio Version 17
VisualStudioVersion = 17.4.33205.214
MinimumVisualStudioVersion = 10.0.40219.1
Project("{FAE04EC0-301F-11D3-BF4B-00C04F79EFBC}") = "formularios", "formularios\formularios.csproj", "{AAB270D7-DFC0-4493-8410-A622CC768544}"
EndProject
Global
	GlobalSection(SolutionConfigurationPlatforms) = preSolution
		Debug|Any CPU = Debug|Any CPU
		Release|Any CPU = Release|Any CPU
	EndGlobalSection
	GlobalSection(ProjectConfigurationPlatforms) = postSolution
		{AAB270D7-DFC0-4493-8410-A622CC768544}.Debug|Any CPU.ActiveCfg = Debug|Any CPU
		{AAB270D7-DFC0-4493-8410-A622CC768544}.Debug|Any CPU.Build.0 = Debug|Any CPU
		{AAB270D7-DFC0-4493-8410-A622CC768544}.Release|Any CPU.ActiveCfg = Release|Any CPU
		{AAB270D7-DFC0-4493-8410-A622CC768544}.Release|Any CPU.Build.0 = Release|Any CPU
	EndGlobalSection
	GlobalSection(SolutionProperties) = preSolution
		HideSolutionNode = FALSE
	EndGlobalSection
	GlobalSection(ExtensibilityGlobals) = postSolution
		SolutionGuid = {BCA2A2D6-7FB8-400F-8503-F3D837F501D4}
	EndGlobalSection
EndGlobal
